
Microsoft Visual Studio Solution File, Format Version 12.00
# Visual Studio Version 17
VisualStudioVersion = 17.4.33205.214
MinimumVisualStudioVersion = 10.0.40219.1
Project("{FAE04EC0-301F-11D3-BF4B-00C04F79EFBC}") = "MegaPrimes", "MegaPrimes\MegaPrimes.csproj", "{1A1A6648-D055-4920-B015-CF328F941117}"
EndProject
Project("{FAE04EC0-301F-11D3-BF4B-00C04F79EFBC}") = "MegaPrimesTests", "MegaPrimesTests\MegaPrimesTests.csproj", "{56A1B624-3248-44C5-80A1-24BC996B630A}"
EndProject
Global
	GlobalSection(SolutionConfigurationPlatforms) = preSolution
		Debug|Any CPU = Debug|Any CPU
		Release|Any CPU = Release|Any CPU
	EndGlobalSection
	GlobalSection(ProjectConfigurationPlatforms) = postSolution
		{1A1A6648-D055-4920-B015-CF328F941117}.Debug|Any CPU.ActiveCfg = Debug|Any CPU
		{1A1A6648-D055-4920-B015-CF328F941117}.Debug|Any CPU.Build.0 = Debug|Any CPU
		{1A1A6648-D055-4920-B015-CF328F941117}.Release|Any CPU.ActiveCfg = Release|Any CPU
		{1A1A6648-D055-4920-B015-CF328F941117}.Release|Any CPU.Build.0 = Release|Any CPU
		{56A1B624-3248-44C5-80A1-24BC996B630A}.Debug|Any CPU.ActiveCfg = Debug|Any CPU
		{56A1B624-3248-44C5-80A1-24BC996B630A}.Debug|Any CPU.Build.0 = Debug|Any CPU
		{56A1B624-3248-44C5-80A1-24BC996B630A}.Release|Any CPU.ActiveCfg = Release|Any CPU
		{56A1B624-3248-44C5-80A1-24BC996B630A}.Release|Any CPU.Build.0 = Release|Any CPU
	EndGlobalSection
	GlobalSection(SolutionProperties) = preSolution
		HideSolutionNode = FALSE
	EndGlobalSection
	GlobalSection(ExtensibilityGlobals) = postSolution
		SolutionGuid = {BC608B8D-B3F7-49D9-B378-0AFBBECA7B82}
	EndGlobalSection
EndGlobal
